// !$*UTF8*$!
{
	archiveVersion = 1;
	classes = {
	};
	objectVersion = 46;
	objects = {

/* Begin PBXBuildFile section */
		2B01702319873EA800CF7D7F /* AppDelegate.swift in Sources */ = {isa = PBXBuildFile; fileRef = 2B01702219873EA800CF7D7F /* AppDelegate.swift */; };
		2B01702519873EA800CF7D7F /* Images.xcassets in Resources */ = {isa = PBXBuildFile; fileRef = 2B01702419873EA800CF7D7F /* Images.xcassets */; };
		2B01703119873EA900CF7D7F /* forTests.swift in Sources */ = {isa = PBXBuildFile; fileRef = 2B01703019873EA900CF7D7F /* forTests.swift */; };
/* End PBXBuildFile section */

/* Begin PBXContainerItemProxy section */
		2B01702B19873EA900CF7D7F /* PBXContainerItemProxy */ = {
			isa = PBXContainerItemProxy;
			containerPortal = 2B01701519873EA800CF7D7F /* Project object */;
			proxyType = 1;
			remoteGlobalIDString = 2B01701C19873EA800CF7D7F;
			remoteInfo = for;
		};
/* End PBXContainerItemProxy section */

/* Begin PBXFileReference section */
		2B01701D19873EA800CF7D7F /* for.app */ = {isa = PBXFileReference; explicitFileType = wrapper.application; includeInIndex = 0; path = for.app; sourceTree = BUILT_PRODUCTS_DIR; };
		2B01702119873EA800CF7D7F /* Info.plist */ = {isa = PBXFileReference; lastKnownFileType = text.plist.xml; path = Info.plist; sourceTree = "<group>"; };
		2B01702219873EA800CF7D7F /* AppDelegate.swift */ = {isa = PBXFileReference; lastKnownFileType = sourcecode.swift; path = AppDelegate.swift; sourceTree = "<group>"; };
		2B01702419873EA800CF7D7F /* Images.xcassets */ = {isa = PBXFileReference; lastKnownFileType = folder.assetcatalog; path = Images.xcassets; sourceTree = "<group>"; };
		2B01702A19873EA900CF7D7F /* forTests.xctest */ = {isa = PBXFileReference; explicitFileType = wrapper.cfbundle; includeInIndex = 0; path = forTests.xctest; sourceTree = BUILT_PRODUCTS_DIR; };
		2B01702F19873EA900CF7D7F /* Info.plist */ = {isa = PBXFileReference; lastKnownFileType = text.plist.xml; path = Info.plist; sourceTree = "<group>"; };
		2B01703019873EA900CF7D7F /* forTests.swift */ = {isa = PBXFileReference; lastKnownFileType = sourcecode.swift; path = forTests.swift; sourceTree = "<group>"; };
/* End PBXFileReference section */

/* Begin PBXFrameworksBuildPhase section */
		2B01701A19873EA800CF7D7F /* Frameworks */ = {
			isa = PBXFrameworksBuildPhase;
			buildActionMask = 2147483647;
			files = (
			);
			runOnlyForDeploymentPostprocessing = 0;
		};
		2B01702719873EA900CF7D7F /* Frameworks */ = {
			isa = PBXFrameworksBuildPhase;
			buildActionMask = 2147483647;
			files = (
			);
			runOnlyForDeploymentPostprocessing = 0;
		};
/* End PBXFrameworksBuildPhase section */

/* Begin PBXGroup section */
		2B01701419873EA800CF7D7F = {
			isa = PBXGroup;
			children = (
				2B01701F19873EA800CF7D7F /* for */,
				2B01702D19873EA900CF7D7F /* forTests */,
				2B01701E19873EA800CF7D7F /* Products */,
			);
			sourceTree = "<group>";
		};
		2B01701E19873EA800CF7D7F /* Products */ = {
			isa = PBXGroup;
			children = (
				2B01701D19873EA800CF7D7F /* for.app */,
				2B01702A19873EA900CF7D7F /* forTests.xctest */,
			);
			name = Products;
			sourceTree = "<group>";
		};
		2B01701F19873EA800CF7D7F /* for */ = {
			isa = PBXGroup;
			children = (
				2B01702219873EA800CF7D7F /* AppDelegate.swift */,
				2B01702419873EA800CF7D7F /* Images.xcassets */,
				2B01702019873EA800CF7D7F /* Supporting Files */,
			);
			path = for;
			sourceTree = "<group>";
		};
		2B01702019873EA800CF7D7F /* Supporting Files */ = {
			isa = PBXGroup;
			children = (
				2B01702119873EA800CF7D7F /* Info.plist */,
			);
			name = "Supporting Files";
			sourceTree = "<group>";
		};
		2B01702D19873EA900CF7D7F /* forTests */ = {
			isa = PBXGroup;
			children = (
				2B01703019873EA900CF7D7F /* forTests.swift */,
				2B01702E19873EA900CF7D7F /* Supporting Files */,
			);
			path = forTests;
			sourceTree = "<group>";
		};
		2B01702E19873EA900CF7D7F /* Supporting Files */ = {
			isa = PBXGroup;
			children = (
				2B01702F19873EA900CF7D7F /* Info.plist */,
			);
			name = "Supporting Files";
			sourceTree = "<group>";
		};
/* End PBXGroup section */

/* Begin PBXNativeTarget section */
		2B01701C19873EA800CF7D7F /* for */ = {
			isa = PBXNativeTarget;
			buildConfigurationList = 2B01703419873EA900CF7D7F /* Build configuration list for PBXNativeTarget "for" */;
			buildPhases = (
				2B01701919873EA800CF7D7F /* Sources */,
				2B01701A19873EA800CF7D7F /* Frameworks */,
				2B01701B19873EA800CF7D7F /* Resources */,
			);
			buildRules = (
			);
			dependencies = (
			);
			name = for;
			productName = for;
			productReference = 2B01701D19873EA800CF7D7F /* for.app */;
			productType = "com.apple.product-type.application";
		};
		2B01702919873EA900CF7D7F /* forTests */ = {
			isa = PBXNativeTarget;
			buildConfigurationList = 2B01703719873EA900CF7D7F /* Build configuration list for PBXNativeTarget "forTests" */;
			buildPhases = (
				2B01702619873EA900CF7D7F /* Sources */,
				2B01702719873EA900CF7D7F /* Frameworks */,
				2B01702819873EA900CF7D7F /* Resources */,
			);
			buildRules = (
			);
			dependencies = (
				2B01702C19873EA900CF7D7F /* PBXTargetDependency */,
			);
			name = forTests;
			productName = forTests;
			productReference = 2B01702A19873EA900CF7D7F /* forTests.xctest */;
			productType = "com.apple.product-type.bundle.unit-test";
		};
/* End PBXNativeTarget section */

/* Begin PBXProject section */
		2B01701519873EA800CF7D7F /* Project object */ = {
			isa = PBXProject;
			attributes = {
				LastUpgradeCheck = 0600;
				ORGANIZATIONNAME = Liuzhen;
				TargetAttributes = {
					2B01701C19873EA800CF7D7F = {
						CreatedOnToolsVersion = 6.0;
					};
					2B01702919873EA900CF7D7F = {
						CreatedOnToolsVersion = 6.0;
						TestTargetID = 2B01701C19873EA800CF7D7F;
					};
				};
			};
			buildConfigurationList = 2B01701819873EA800CF7D7F /* Build configuration list for PBXProject "for" */;
			compatibilityVersion = "Xcode 3.2";
			developmentRegion = English;
			hasScannedForEncodings = 0;
			knownRegions = (
				en,
			);
			mainGroup = 2B01701419873EA800CF7D7F;
			productRefGroup = 2B01701E19873EA800CF7D7F /* Products */;
			projectDirPath = "";
			projectRoot = "";
			targets = (
				2B01701C19873EA800CF7D7F /* for */,
				2B01702919873EA900CF7D7F /* forTests */,
			);
		};
/* End PBXProject section */

/* Begin PBXResourcesBuildPhase section */
		2B01701B19873EA800CF7D7F /* Resources */ = {
			isa = PBXResourcesBuildPhase;
			buildActionMask = 2147483647;
			files = (
				2B01702519873EA800CF7D7F /* Images.xcassets in Resources */,
			);
			runOnlyForDeploymentPostprocessing = 0;
		};
		2B01702819873EA900CF7D7F /* Resources */ = {
			isa = PBXResourcesBuildPhase;
			buildActionMask = 2147483647;
			files = (
			);
			runOnlyForDeploymentPostprocessing = 0;
		};
/* End PBXResourcesBuildPhase section */

/* Begin PBXSourcesBuildPhase section */
		2B01701919873EA800CF7D7F /* Sources */ = {
			isa = PBXSourcesBuildPhase;
			buildActionMask = 2147483647;
			files = (
				2B01702319873EA800CF7D7F /* AppDelegate.swift in Sources */,
			);
			runOnlyForDeploymentPostprocessing = 0;
		};
		2B01702619873EA900CF7D7F /* Sources */ = {
			isa = PBXSourcesBuildPhase;
			buildActionMask = 2147483647;
			files = (
				2B01703119873EA900CF7D7F /* forTests.swift in Sources */,
			);
			runOnlyForDeploymentPostprocessing = 0;
		};
/* End PBXSourcesBuildPhase section */

/* Begin PBXTargetDependency section */
		2B01702C19873EA900CF7D7F /* PBXTargetDependency */ = {
			isa = PBXTargetDependency;
			target = 2B01701C19873EA800CF7D7F /* for */;
			targetProxy = 2B01702B19873EA900CF7D7F /* PBXContainerItemProxy */;
		};
/* End PBXTargetDependency section */

/* Begin XCBuildConfiguration section */
		2B01703219873EA900CF7D7F /* Debug */ = {
			isa = XCBuildConfiguration;
			buildSettings = {
				ALWAYS_SEARCH_USER_PATHS = NO;
				CLANG_CXX_LANGUAGE_STANDARD = "gnu++0x";
				CLANG_CXX_LIBRARY = "libc++";
				CLANG_ENABLE_MODULES = YES;
				CLANG_ENABLE_OBJC_ARC = YES;
				CLANG_WARN_BOOL_CONVERSION = YES;
				CLANG_WARN_CONSTANT_CONVERSION = YES;
				CLANG_WARN_DIRECT_OBJC_ISA_USAGE = YES_ERROR;
				CLANG_WARN_EMPTY_BODY = YES;
				CLANG_WARN_ENUM_CONVERSION = YES;
				CLANG_WARN_INT_CONVERSION = YES;
				CLANG_WARN_OBJC_ROOT_CLASS = YES_ERROR;
				CLANG_WARN_UNREACHABLE_CODE = YES;
				CLANG_WARN__DUPLICATE_METHOD_MATCH = YES;
				"CODE_SIGN_IDENTITY[sdk=iphoneos*]" = "iPhone Developer";
				COPY_PHASE_STRIP = NO;
				ENABLE_STRICT_OBJC_MSGSEND = YES;
				GCC_C_LANGUAGE_STANDARD = gnu99;
				GCC_DYNAMIC_NO_PIC = NO;
				GCC_OPTIMIZATION_LEVEL = 0;
				GCC_PREPROCESSOR_DEFINITIONS = (
					"DEBUG=1",
					"$(inherited)",
				);
				GCC_SYMBOLS_PRIVATE_EXTERN = NO;
				GCC_WARN_64_TO_32_BIT_CONVERSION = YES;
				GCC_WARN_ABOUT_RETURN_TYPE = YES_ERROR;
				GCC_WARN_UNDECLARED_SELECTOR = YES;
				GCC_WARN_UNINITIALIZED_AUTOS = YES_AGGRESSIVE;
				GCC_WARN_UNUSED_FUNCTION = YES;
				GCC_WARN_UNUSED_VARIABLE = YES;
				IPHONEOS_DEPLOYMENT_TARGET = 8.0;
				METAL_ENABLE_DEBUG_INFO = YES;
				ONLY_ACTIVE_ARCH = YES;
				SDKROOT = iphoneos;
				SWIFT_OPTIMIZATION_LEVEL = "-Onone";
			};
			name = Debug;
		};
		2B01703319873EA900CF7D7F /* Release */ = {
			isa = XCBuildConfiguration;
			buildSettings = {
				ALWAYS_SEARCH_USER_PATHS = NO;
				CLANG_CXX_LANGUAGE_STANDARD = "gnu++0x";
				CLANG_CXX_LIBRARY = "libc++";
				CLANG_ENABLE_MODULES = YES;
				CLANG_ENABLE_OBJC_ARC = YES;
				CLANG_WARN_BOOL_CONVERSION = YES;
				CLANG_WARN_CONSTANT_CONVERSION = YES;
				CLANG_WARN_DIRECT_OBJC_ISA_USAGE = YES_ERROR;
				CLANG_WARN_EMPTY_BODY = YES;
				CLANG_WARN_ENUM_CONVERSION = YES;
				CLANG_WARN_INT_CONVERSION = YES;
				CLANG_WARN_OBJC_ROOT_CLASS = YES_ERROR;
				CLANG_WARN_UNREACHABLE_CODE = YES;
				CLANG_WARN__DUPLICATE_METHOD_MATCH = YES;
				"CODE_SIGN_IDENTITY[sdk=iphoneos*]" = "iPhone Developer";
				COPY_PHASE_STRIP = YES;
				ENABLE_NS_ASSERTIONS = NO;
				ENABLE_STRICT_OBJC_MSGSEND = YES;
				GCC_C_LANGUAGE_STANDARD = gnu99;
				GCC_WARN_64_TO_32_BIT_CONVERSION = YES;
				GCC_WARN_ABOUT_RETURN_TYPE = YES_ERROR;
				GCC_WARN_UNDECLARED_SELECTOR = YES;
				GCC_WARN_UNINITIALIZED_AUTOS = YES_AGGRESSIVE;
				GCC_WARN_UNUSED_FUNCTION = YES;
				GCC_WARN_UNUSED_VARIABLE = YES;
				IPHONEOS_DEPLOYMENT_TARGET = 8.0;
				METAL_ENABLE_DEBUG_INFO = NO;
				SDKROOT = iphoneos;
				VALIDATE_PRODUCT = YES;
			};
			name = Release;
		};
		2B01703519873EA900CF7D7F /* Debug */ = {
			isa = XCBuildConfiguration;
			buildSettings = {
				ASSETCATALOG_COMPILER_APPICON_NAME = AppIcon;
				ASSETCATALOG_COMPILER_LAUNCHIMAGE_NAME = LaunchImage;
				INFOPLIST_FILE = for/Info.plist;
				LD_RUNPATH_SEARCH_PATHS = "$(inherited) @executable_path/Frameworks";
				PRODUCT_NAME = "$(TARGET_NAME)";
			};
			name = Debug;
		};
		2B01703619873EA900CF7D7F /* Release */ = {
			isa = XCBuildConfiguration;
			buildSettings = {
				ASSETCATALOG_COMPILER_APPICON_NAME = AppIcon;
				ASSETCATALOG_COMPILER_LAUNCHIMAGE_NAME = LaunchImage;
				INFOPLIST_FILE = for/Info.plist;
				LD_RUNPATH_SEARCH_PATHS = "$(inherited) @executable_path/Frameworks";
				PRODUCT_NAME = "$(TARGET_NAME)";
			};
			name = Release;
		};
		2B01703819873EA900CF7D7F /* Debug */ = {
			isa = XCBuildConfiguration;
			buildSettings = {
				BUNDLE_LOADER = "$(BUILT_PRODUCTS_DIR)/for.app/for";
				FRAMEWORK_SEARCH_PATHS = (
					"$(SDKROOT)/Developer/Library/Frameworks",
					"$(inherited)",
				);
				GCC_PREPROCESSOR_DEFINITIONS = (
					"DEBUG=1",
					"$(inherited)",
				);
				INFOPLIST_FILE = forTests/Info.plist;
				LD_RUNPATH_SEARCH_PATHS = "$(inherited) @executable_path/Frameworks @loader_path/Frameworks";
				METAL_ENABLE_DEBUG_INFO = YES;
				PRODUCT_NAME = "$(TARGET_NAME)";
				TEST_HOST = "$(BUNDLE_LOADER)";
			};
			name = Debug;
		};
		2B01703919873EA900CF7D7F /* Release */ = {
			isa = XCBuildConfiguration;
			buildSettings = {
				BUNDLE_LOADER = "$(BUILT_PRODUCTS_DIR)/for.app/for";
				FRAMEWORK_SEARCH_PATHS = (
					"$(SDKROOT)/Developer/Library/Frameworks",
					"$(inherited)",
				);
				INFOPLIST_FILE = forTests/Info.plist;
				LD_RUNPATH_SEARCH_PATHS = "$(inherited) @executable_path/Frameworks @loader_path/Frameworks";
				METAL_ENABLE_DEBUG_INFO = NO;
				PRODUCT_NAME = "$(TARGET_NAME)";
				TEST_HOST = "$(BUNDLE_LOADER)";
			};
			name = Release;
		};
/* End XCBuildConfiguration section */

/* Begin XCConfigurationList section */
		2B01701819873EA800CF7D7F /* Build configuration list for PBXProject "for" */ = {
			isa = XCConfigurationList;
			buildConfigurations = (
				2B01703219873EA900CF7D7F /* Debug */,
				2B01703319873EA900CF7D7F /* Release */,
			);
			defaultConfigurationIsVisible = 0;
			defaultConfigurationName = Release;
		};
		2B01703419873EA900CF7D7F /* Build configuration list for PBXNativeTarget "for" */ = {
			isa = XCConfigurationList;
			buildConfigurations = (
				2B01703519873EA900CF7D7F /* Debug */,
				2B01703619873EA900CF7D7F /* Release */,
			);
			defaultConfigurationIsVisible = 0;
		};
		2B01703719873EA900CF7D7F /* Build configuration list for PBXNativeTarget "forTests" */ = {
			isa = XCConfigurationList;
			buildConfigurations = (
				2B01703819873EA900CF7D7F /* Debug */,
				2B01703919873EA900CF7D7F /* Release */,
			);
			defaultConfigurationIsVisible = 0;
		};
/* End XCConfigurationList section */
	};
	rootObject = 2B01701519873EA800CF7D7F /* Project object */;
}
